{
	"name": "lsp-sample-server",
	"version": "1.0.0",
	"lockfileVersion": 1,
	"requires": true,
	"dependencies": {
		"@types/antlr4": {
			"version": "4.7.0",
			"resolved": "https://registry.npmjs.org/@types/antlr4/-/antlr4-4.7.0.tgz",
			"integrity": "sha512-WdyHH4PHxBQkeWoRTbuC/dvf0QErJpJE4UpESQSRmKoMER15DCLFHAHQjkwevMKQie0kqawS/eTY563GGMbz/g=="
		},
		"@types/node": {
			"version": "13.9.8",
			"resolved": "https://registry.npmjs.org/@types/node/-/node-13.9.8.tgz",
			"integrity": "sha512-1WgO8hsyHynlx7nhP1kr0OFzsgKz5XDQL+Lfc3b1Q3qIln/n8cKD4m09NJ0+P1Rq7Zgnc7N0+SsMnoD1rEb0kA=="
		},
		"antlr4": {
			"version": "4.8.0",
			"resolved": "https://registry.npmjs.org/antlr4/-/antlr4-4.8.0.tgz",
			"integrity": "sha512-en/MxQ4OkPgGJQ3wD/muzj1uDnFSzdFIhc2+c6bHZokWkuBb6RRvFjpWhPxWLbgQvaEzldJZ0GSQpfSAaE3hqg=="
		},
		"antlr4-c3": {
			"version": "1.1.12",
			"resolved": "https://registry.npmjs.org/antlr4-c3/-/antlr4-c3-1.1.12.tgz",
			"integrity": "sha512-X+LGLKlYmFFGgGPigyYkQ63FIpvABFwcnwIy6NBDvTkrRXpXyxpucoMpN4SGWpYKXT1gkQrkWc57dPXcs/MOEg==",
			"requires": {
				"antlr4ts": "^0.5.0-alpha.3"
			}
		},
		"antlr4ts": {
			"version": "0.5.0-alpha.3",
			"resolved": "https://registry.npmjs.org/antlr4ts/-/antlr4ts-0.5.0-alpha.3.tgz",
			"integrity": "sha512-La89tKkGcHFIVuruv4Bm1esc3zLmES2NOTEwwNS1pudz+zx/0FNqQeUu9p48i9/QHKPVqjN87LB+q3buTg7oDQ=="
		},
		"vscode-jsonrpc": {
			"version": "5.0.1",
			"resolved": "https://registry.npmjs.org/vscode-jsonrpc/-/vscode-jsonrpc-5.0.1.tgz",
			"integrity": "sha512-JvONPptw3GAQGXlVV2utDcHx0BiY34FupW/kI6mZ5x06ER5DdPG/tXWMVHjTNULF5uKPOUUD0SaXg5QaubJL0A=="
		},
		"vscode-languageserver": {
			"version": "6.1.1",
			"resolved": "https://registry.npmjs.org/vscode-languageserver/-/vscode-languageserver-6.1.1.tgz",
			"integrity": "sha512-DueEpkUAkD5XTR4MLYNr6bQIp/UFR0/IPApgXU3YfCBCB08u2sm9hRCs6DxYZELkk++STPjpcjksR2H8qI3cDQ==",
			"requires": {
				"vscode-languageserver-protocol": "^3.15.3"
			}
		},
		"vscode-languageserver-protocol": {
			"version": "3.15.3",
			"resolved": "https://registry.npmjs.org/vscode-languageserver-protocol/-/vscode-languageserver-protocol-3.15.3.tgz",
			"integrity": "sha512-zrMuwHOAQRhjDSnflWdJG+O2ztMWss8GqUUB8dXLR/FPenwkiBNkMIJJYfSN6sgskvsF0rHAoBowNQfbyZnnvw==",
			"requires": {
				"vscode-jsonrpc": "^5.0.1",
				"vscode-languageserver-types": "3.15.1"
			}
		},
		"vscode-languageserver-textdocument": {
			"version": "1.0.1",
			"resolved": "https://registry.npmjs.org/vscode-languageserver-textdocument/-/vscode-languageserver-textdocument-1.0.1.tgz",
			"integrity": "sha512-UIcJDjX7IFkck7cSkNNyzIz5FyvpQfY7sdzVy+wkKN/BLaD4DQ0ppXQrKePomCxTS7RrolK1I0pey0bG9eh8dA=="
		},
		"vscode-languageserver-types": {
			"version": "3.15.1",
			"resolved": "https://registry.npmjs.org/vscode-languageserver-types/-/vscode-languageserver-types-3.15.1.tgz",
			"integrity": "sha512-+a9MPUQrNGRrGU630OGbYVQ+11iOIovjCkqxajPa9w57Sd5ruK8WQNsslzpa0x/QJqC8kRc2DUxWjIFwoNm4ZQ=="
		}
	}
}
