{
	"name": "xule-parser",
	"version": "0.0.1",
	"lockfileVersion": 1,
	"requires": true,
	"dependencies": {
		"antlr4": {
			"version": "4.8.0",
			"resolved": "https://registry.npmjs.org/antlr4/-/antlr4-4.8.0.tgz",
			"integrity": "sha512-en/MxQ4OkPgGJQ3wD/muzj1uDnFSzdFIhc2+c6bHZokWkuBb6RRvFjpWhPxWLbgQvaEzldJZ0GSQpfSAaE3hqg=="
		},
		"antlr4-c3": {
			"version": "1.1.12",
			"resolved": "https://registry.npmjs.org/antlr4-c3/-/antlr4-c3-1.1.12.tgz",
			"integrity": "sha512-X+LGLKlYmFFGgGPigyYkQ63FIpvABFwcnwIy6NBDvTkrRXpXyxpucoMpN4SGWpYKXT1gkQrkWc57dPXcs/MOEg==",
			"requires": {
				"antlr4ts": "^0.5.0-alpha.3"
			}
		},
		"antlr4ts": {
			"version": "0.5.0-alpha.3",
			"resolved": "https://registry.npmjs.org/antlr4ts/-/antlr4ts-0.5.0-alpha.3.tgz",
			"integrity": "sha512-La89tKkGcHFIVuruv4Bm1esc3zLmES2NOTEwwNS1pudz+zx/0FNqQeUu9p48i9/QHKPVqjN87LB+q3buTg7oDQ=="
		}
	}
}
